
Microsoft Visual Studio Solution File, Format Version 12.00
# Visual Studio Version 17
VisualStudioVersion = 17.14.36414.22 d17.14
MinimumVisualStudioVersion = 10.0.40219.1
Project("{FAE04EC0-301F-11D3-BF4B-00C04F79EFBC}") = "LeetCode.ConsoleApp", "LeetCode.ConsoleApp\LeetCode.ConsoleApp.csproj", "{24B034CC-1C2E-48A0-9E2B-6166393AFD63}"
EndProject
Global
	GlobalSection(SolutionConfigurationPlatforms) = preSolution
		Debug|Any CPU = Debug|Any CPU
		Release|Any CPU = Release|Any CPU
	EndGlobalSection
	GlobalSection(ProjectConfigurationPlatforms) = postSolution
		{24B034CC-1C2E-48A0-9E2B-6166393AFD63}.Debug|Any CPU.ActiveCfg = Debug|Any CPU
		{24B034CC-1C2E-48A0-9E2B-6166393AFD63}.Debug|Any CPU.Build.0 = Debug|Any CPU
		{24B034CC-1C2E-48A0-9E2B-6166393AFD63}.Release|Any CPU.ActiveCfg = Release|Any CPU
		{24B034CC-1C2E-48A0-9E2B-6166393AFD63}.Release|Any CPU.Build.0 = Release|Any CPU
	EndGlobalSection
	GlobalSection(SolutionProperties) = preSolution
		HideSolutionNode = FALSE
	EndGlobalSection
	GlobalSection(ExtensibilityGlobals) = postSolution
		SolutionGuid = {C85FC3CB-46FA-455D-A32F-D0C262575128}
	EndGlobalSection
EndGlobal
