Microsoft Visual Studio Solution File, Format Version 12.00
# Visual Studio Version 17
VisualStudioVersion = 17.5.2.0
MinimumVisualStudioVersion = 10.0.40219.1
Project("{FAE04EC0-301F-11D3-BF4B-00C04F79EFBC}") = "LeetCode.ConsoleApp", "LeetCode.ConsoleApp.csproj", "{D3A1D4AE-F2BD-D3C6-C282-D876A232CFF4}"
EndProject
Project("{2150E333-8FDC-42A3-9474-1A3956D46DE8}") = "bin", "bin", "{C695CB73-81CB-8AFA-87D8-5BA7036879E6}"
EndProject
Project("{2150E333-8FDC-42A3-9474-1A3956D46DE8}") = "Debug", "Debug", "{772965B8-E0CC-BF53-7BE7-76946CC38B76}"
EndProject
Project("{2150E333-8FDC-42A3-9474-1A3956D46DE8}") = "net8.0", "net8.0", "{EDD31634-AF6A-07E4-B147-AAD23249F0F7}"
EndProject
Project("{FAE04EC0-301F-11D3-BF4B-00C04F79EFBC}") = "BenchmarkDotNet.Autogenerated", "bin\Debug\net8.0\LeetCode.ConsoleApp-DefaultJob-1\BenchmarkDotNet.Autogenerated.csproj", "{03CB484C-32A8-DE39-BBF0-720A74170103}"
EndProject
Global
	GlobalSection(SolutionConfigurationPlatforms) = preSolution
		Debug|Any CPU = Debug|Any CPU
		Release|Any CPU = Release|Any CPU
	EndGlobalSection
	GlobalSection(ProjectConfigurationPlatforms) = postSolution
		{D3A1D4AE-F2BD-D3C6-C282-D876A232CFF4}.Debug|Any CPU.ActiveCfg = Debug|Any CPU
		{D3A1D4AE-F2BD-D3C6-C282-D876A232CFF4}.Debug|Any CPU.Build.0 = Debug|Any CPU
		{D3A1D4AE-F2BD-D3C6-C282-D876A232CFF4}.Release|Any CPU.ActiveCfg = Release|Any CPU
		{D3A1D4AE-F2BD-D3C6-C282-D876A232CFF4}.Release|Any CPU.Build.0 = Release|Any CPU
		{03CB484C-32A8-DE39-BBF0-720A74170103}.Debug|Any CPU.ActiveCfg = Debug|Any CPU
		{03CB484C-32A8-DE39-BBF0-720A74170103}.Debug|Any CPU.Build.0 = Debug|Any CPU
		{03CB484C-32A8-DE39-BBF0-720A74170103}.Release|Any CPU.ActiveCfg = Release|Any CPU
		{03CB484C-32A8-DE39-BBF0-720A74170103}.Release|Any CPU.Build.0 = Release|Any CPU
	EndGlobalSection
	GlobalSection(SolutionProperties) = preSolution
		HideSolutionNode = FALSE
	EndGlobalSection
	GlobalSection(NestedProjects) = preSolution
		{772965B8-E0CC-BF53-7BE7-76946CC38B76} = {C695CB73-81CB-8AFA-87D8-5BA7036879E6}
		{EDD31634-AF6A-07E4-B147-AAD23249F0F7} = {772965B8-E0CC-BF53-7BE7-76946CC38B76}
		{03CB484C-32A8-DE39-BBF0-720A74170103} = {EDD31634-AF6A-07E4-B147-AAD23249F0F7}
	EndGlobalSection
	GlobalSection(ExtensibilityGlobals) = postSolution
		SolutionGuid = {95FBAA00-299D-48FF-94F9-595D3F95F2C4}
	EndGlobalSection
EndGlobal
